// !$*UTF8*$!
{
	archiveVersion = 1;
	classes = {
	};
	objectVersion = 55;
	objects = {

/* Begin PBXBuildFile section */
		202F67B5280DCB6300131267 /* ContentDataSource.swift in Sources */ = {isa = PBXBuildFile; fileRef = 202F67B4280DCB6300131267 /* ContentDataSource.swift */; };
		203A0AEC2812730500CF1D22 /* APODListView.swift in Sources */ = {isa = PBXBuildFile; fileRef = 203A0AEB2812730500CF1D22 /* APODListView.swift */; };
		20486698280FE2610014B9F5 /* DateExtension.swift in Sources */ = {isa = PBXBuildFile; fileRef = 20486697280FE2610014B9F5 /* DateExtension.swift */; };
		20822285280954370087A621 /* NasaApodApp.swift in Sources */ = {isa = PBXBuildFile; fileRef = 2082225A280954350087A621 /* NasaApodApp.swift */; };
		20822287280954370087A621 /* LoadingView.swift in Sources */ = {isa = PBXBuildFile; fileRef = 2082225B280954350087A621 /* LoadingView.swift */; };
		2082228B280954370087A621 /* Assets.xcassets in Resources */ = {isa = PBXBuildFile; fileRef = 2082225D280954370087A621 /* Assets.xcassets */; };
		2082229C2809573D0087A621 /* APOD.swift in Sources */ = {isa = PBXBuildFile; fileRef = 2082229B2809573D0087A621 /* APOD.swift */; };
		20D97002280AAAF200598E1A /* AsyncImageView.swift in Sources */ = {isa = PBXBuildFile; fileRef = 20D97001280AAAF200598E1A /* AsyncImageView.swift */; };
		20D97005280AAB2A00598E1A /* ImageLoader.swift in Sources */ = {isa = PBXBuildFile; fileRef = 20D97004280AAB2A00598E1A /* ImageLoader.swift */; };
		20D97008280D595A00598E1A /* CardView.swift in Sources */ = {isa = PBXBuildFile; fileRef = 20D97007280D595A00598E1A /* CardView.swift */; };
/* End PBXBuildFile section */

/* Begin PBXFileReference section */
		202F67B4280DCB6300131267 /* ContentDataSource.swift */ = {isa = PBXFileReference; lastKnownFileType = sourcecode.swift; path = ContentDataSource.swift; sourceTree = "<group>"; };
		203A0AEB2812730500CF1D22 /* APODListView.swift */ = {isa = PBXFileReference; lastKnownFileType = sourcecode.swift; path = APODListView.swift; sourceTree = "<group>"; };
		20486697280FE2610014B9F5 /* DateExtension.swift */ = {isa = PBXFileReference; lastKnownFileType = sourcecode.swift; path = DateExtension.swift; sourceTree = "<group>"; };
		2082225A280954350087A621 /* NasaApodApp.swift */ = {isa = PBXFileReference; lastKnownFileType = sourcecode.swift; path = NasaApodApp.swift; sourceTree = "<group>"; };
		2082225B280954350087A621 /* LoadingView.swift */ = {isa = PBXFileReference; lastKnownFileType = sourcecode.swift; path = LoadingView.swift; sourceTree = "<group>"; };
		2082225D280954370087A621 /* Assets.xcassets */ = {isa = PBXFileReference; lastKnownFileType = folder.assetcatalog; path = Assets.xcassets; sourceTree = "<group>"; };
		20822262280954370087A621 /* NasaApod.app */ = {isa = PBXFileReference; explicitFileType = wrapper.application; includeInIndex = 0; path = NasaApod.app; sourceTree = BUILT_PRODUCTS_DIR; };
		2082229B2809573D0087A621 /* APOD.swift */ = {isa = PBXFileReference; lastKnownFileType = sourcecode.swift; path = APOD.swift; sourceTree = "<group>"; };
		20D97001280AAAF200598E1A /* AsyncImageView.swift */ = {isa = PBXFileReference; lastKnownFileType = sourcecode.swift; path = AsyncImageView.swift; sourceTree = "<group>"; };
		20D97004280AAB2A00598E1A /* ImageLoader.swift */ = {isa = PBXFileReference; lastKnownFileType = sourcecode.swift; path = ImageLoader.swift; sourceTree = "<group>"; };
		20D97007280D595A00598E1A /* CardView.swift */ = {isa = PBXFileReference; lastKnownFileType = sourcecode.swift; path = CardView.swift; sourceTree = "<group>"; };
/* End PBXFileReference section */

/* Begin PBXFrameworksBuildPhase section */
		2082225F280954370087A621 /* Frameworks */ = {
			isa = PBXFrameworksBuildPhase;
			buildActionMask = 2147483647;
			files = (
			);
			runOnlyForDeploymentPostprocessing = 0;
		};
/* End PBXFrameworksBuildPhase section */

/* Begin PBXGroup section */
		202F67B7280DD6B200131267 /* Models */ = {
			isa = PBXGroup;
			children = (
				2082229B2809573D0087A621 /* APOD.swift */,
			);
			path = Models;
			sourceTree = "<group>";
		};
		203A0AEE2812762D00CF1D22 /* Extensions */ = {
			isa = PBXGroup;
			children = (
				20486697280FE2610014B9F5 /* DateExtension.swift */,
			);
			path = Extensions;
			sourceTree = "<group>";
		};
		20822252280954350087A621 = {
			isa = PBXGroup;
			children = (
				20822257280954350087A621 /* Shared */,
				20822263280954370087A621 /* Products */,
			);
			sourceTree = "<group>";
		};
		20822257280954350087A621 /* Shared */ = {
			isa = PBXGroup;
			children = (
				203A0AEE2812762D00CF1D22 /* Extensions */,
				202F67B7280DD6B200131267 /* Models */,
				20C2BCC628128B2600714BAC /* ViewModels */,
				20A89B68280D5F90005A9DF6 /* Views */,
				2082225A280954350087A621 /* NasaApodApp.swift */,
				2082225D280954370087A621 /* Assets.xcassets */,
			);
			path = Shared;
			sourceTree = "<group>";
		};
		20822263280954370087A621 /* Products */ = {
			isa = PBXGroup;
			children = (
				20822262280954370087A621 /* NasaApod.app */,
			);
			name = Products;
			sourceTree = "<group>";
		};
		20A89B68280D5F90005A9DF6 /* Views */ = {
			isa = PBXGroup;
			children = (
				2082225B280954350087A621 /* LoadingView.swift */,
				20D97007280D595A00598E1A /* CardView.swift */,
				203A0AEB2812730500CF1D22 /* APODListView.swift */,
			);
			path = Views;
			sourceTree = "<group>";
		};
		20C2BCC628128B2600714BAC /* ViewModels */ = {
			isa = PBXGroup;
			children = (
				20D97001280AAAF200598E1A /* AsyncImageView.swift */,
				20D97004280AAB2A00598E1A /* ImageLoader.swift */,
				202F67B4280DCB6300131267 /* ContentDataSource.swift */,
			);
			path = ViewModels;
			sourceTree = "<group>";
		};
/* End PBXGroup section */

/* Begin PBXNativeTarget section */
		20822261280954370087A621 /* NasaApod */ = {
			isa = PBXNativeTarget;
			buildConfigurationList = 2082228F280954370087A621 /* Build configuration list for PBXNativeTarget "NasaApod" */;
			buildPhases = (
				2082225E280954370087A621 /* Sources */,
				2082225F280954370087A621 /* Frameworks */,
				20822260280954370087A621 /* Resources */,
			);
			buildRules = (
			);
			dependencies = (
			);
			name = NasaApod;
			productName = "NasaApod (iOS)";
			productReference = 20822262280954370087A621 /* NasaApod.app */;
			productType = "com.apple.product-type.application";
		};
/* End PBXNativeTarget section */

/* Begin PBXProject section */
		20822253280954350087A621 /* Project object */ = {
			isa = PBXProject;
			attributes = {
				BuildIndependentTargetsInParallel = 1;
				LastSwiftUpdateCheck = 1330;
				LastUpgradeCheck = 1330;
				TargetAttributes = {
					20822261280954370087A621 = {
						CreatedOnToolsVersion = 13.3;
					};
				};
			};
			buildConfigurationList = 20822256280954350087A621 /* Build configuration list for PBXProject "NasaApod" */;
			compatibilityVersion = "Xcode 13.0";
			developmentRegion = en;
			hasScannedForEncodings = 0;
			knownRegions = (
				en,
				Base,
			);
			mainGroup = 20822252280954350087A621;
			productRefGroup = 20822263280954370087A621 /* Products */;
			projectDirPath = "";
			projectRoot = "";
			targets = (
				20822261280954370087A621 /* NasaApod */,
			);
		};
/* End PBXProject section */

/* Begin PBXResourcesBuildPhase section */
		20822260280954370087A621 /* Resources */ = {
			isa = PBXResourcesBuildPhase;
			buildActionMask = 2147483647;
			files = (
				2082228B280954370087A621 /* Assets.xcassets in Resources */,
			);
			runOnlyForDeploymentPostprocessing = 0;
		};
/* End PBXResourcesBuildPhase section */

/* Begin PBXSourcesBuildPhase section */
		2082225E280954370087A621 /* Sources */ = {
			isa = PBXSourcesBuildPhase;
			buildActionMask = 2147483647;
			files = (
				202F67B5280DCB6300131267 /* ContentDataSource.swift in Sources */,
				20486698280FE2610014B9F5 /* DateExtension.swift in Sources */,
				20D97008280D595A00598E1A /* CardView.swift in Sources */,
				20822285280954370087A621 /* NasaApodApp.swift in Sources */,
				20D97005280AAB2A00598E1A /* ImageLoader.swift in Sources */,
				2082229C2809573D0087A621 /* APOD.swift in Sources */,
				203A0AEC2812730500CF1D22 /* APODListView.swift in Sources */,
				20D97002280AAAF200598E1A /* AsyncImageView.swift in Sources */,
				20822287280954370087A621 /* LoadingView.swift in Sources */,
			);
			runOnlyForDeploymentPostprocessing = 0;
		};
/* End PBXSourcesBuildPhase section */

/* Begin XCBuildConfiguration section */
		2082228D280954370087A621 /* Debug */ = {
			isa = XCBuildConfiguration;
			buildSettings = {
				ALWAYS_SEARCH_USER_PATHS = NO;
				CLANG_ANALYZER_NONNULL = YES;
				CLANG_ANALYZER_NUMBER_OBJECT_CONVERSION = YES_AGGRESSIVE;
				CLANG_CXX_LANGUAGE_STANDARD = "gnu++17";
				CLANG_ENABLE_MODULES = YES;
				CLANG_ENABLE_OBJC_ARC = YES;
				CLANG_ENABLE_OBJC_WEAK = YES;
				CLANG_WARN_BLOCK_CAPTURE_AUTORELEASING = YES;
				CLANG_WARN_BOOL_CONVERSION = YES;
				CLANG_WARN_COMMA = YES;
				CLANG_WARN_CONSTANT_CONVERSION = YES;
				CLANG_WARN_DEPRECATED_OBJC_IMPLEMENTATIONS = YES;
				CLANG_WARN_DIRECT_OBJC_ISA_USAGE = YES_ERROR;
				CLANG_WARN_DOCUMENTATION_COMMENTS = YES;
				CLANG_WARN_EMPTY_BODY = YES;
				CLANG_WARN_ENUM_CONVERSION = YES;
				CLANG_WARN_INFINITE_RECURSION = YES;
				CLANG_WARN_INT_CONVERSION = YES;
				CLANG_WARN_NON_LITERAL_NULL_CONVERSION = YES;
				CLANG_WARN_OBJC_IMPLICIT_RETAIN_SELF = YES;
				CLANG_WARN_OBJC_LITERAL_CONVERSION = YES;
				CLANG_WARN_OBJC_ROOT_CLASS = YES_ERROR;
				CLANG_WARN_QUOTED_INCLUDE_IN_FRAMEWORK_HEADER = YES;
				CLANG_WARN_RANGE_LOOP_ANALYSIS = YES;
				CLANG_WARN_STRICT_PROTOTYPES = YES;
				CLANG_WARN_SUSPICIOUS_MOVE = YES;
				CLANG_WARN_UNGUARDED_AVAILABILITY = YES_AGGRESSIVE;
				CLANG_WARN_UNREACHABLE_CODE = YES;
				CLANG_WARN__DUPLICATE_METHOD_MATCH = YES;
				COPY_PHASE_STRIP = NO;
				DEBUG_INFORMATION_FORMAT = dwarf;
				ENABLE_STRICT_OBJC_MSGSEND = YES;
				ENABLE_TESTABILITY = YES;
				GCC_C_LANGUAGE_STANDARD = gnu11;
				GCC_DYNAMIC_NO_PIC = NO;
				GCC_NO_COMMON_BLOCKS = YES;
				GCC_OPTIMIZATION_LEVEL = 0;
				GCC_PREPROCESSOR_DEFINITIONS = (
					"DEBUG=1",
					"$(inherited)",
				);
				GCC_WARN_64_TO_32_BIT_CONVERSION = YES;
				GCC_WARN_ABOUT_RETURN_TYPE = YES_ERROR;
				GCC_WARN_UNDECLARED_SELECTOR = YES;
				GCC_WARN_UNINITIALIZED_AUTOS = YES_AGGRESSIVE;
				GCC_WARN_UNUSED_FUNCTION = YES;
				GCC_WARN_UNUSED_VARIABLE = YES;
				IPHONEOS_DEPLOYMENT_TARGET = 14.0;
				MTL_ENABLE_DEBUG_INFO = INCLUDE_SOURCE;
				MTL_FAST_MATH = YES;
				ONLY_ACTIVE_ARCH = YES;
				SWIFT_ACTIVE_COMPILATION_CONDITIONS = DEBUG;
				SWIFT_OPTIMIZATION_LEVEL = "-Onone";
			};
			name = Debug;
		};
		2082228E280954370087A621 /* Release */ = {
			isa = XCBuildConfiguration;
			buildSettings = {
				ALWAYS_SEARCH_USER_PATHS = NO;
				CLANG_ANALYZER_NONNULL = YES;
				CLANG_ANALYZER_NUMBER_OBJECT_CONVERSION = YES_AGGRESSIVE;
				CLANG_CXX_LANGUAGE_STANDARD = "gnu++17";
				CLANG_ENABLE_MODULES = YES;
				CLANG_ENABLE_OBJC_ARC = YES;
				CLANG_ENABLE_OBJC_WEAK = YES;
				CLANG_WARN_BLOCK_CAPTURE_AUTORELEASING = YES;
				CLANG_WARN_BOOL_CONVERSION = YES;
				CLANG_WARN_COMMA = YES;
				CLANG_WARN_CONSTANT_CONVERSION = YES;
				CLANG_WARN_DEPRECATED_OBJC_IMPLEMENTATIONS = YES;
				CLANG_WARN_DIRECT_OBJC_ISA_USAGE = YES_ERROR;
				CLANG_WARN_DOCUMENTATION_COMMENTS = YES;
				CLANG_WARN_EMPTY_BODY = YES;
				CLANG_WARN_ENUM_CONVERSION = YES;
				CLANG_WARN_INFINITE_RECURSION = YES;
				CLANG_WARN_INT_CONVERSION = YES;
				CLANG_WARN_NON_LITERAL_NULL_CONVERSION = YES;
				CLANG_WARN_OBJC_IMPLICIT_RETAIN_SELF = YES;
				CLANG_WARN_OBJC_LITERAL_CONVERSION = YES;
				CLANG_WARN_OBJC_ROOT_CLASS = YES_ERROR;
				CLANG_WARN_QUOTED_INCLUDE_IN_FRAMEWORK_HEADER = YES;
				CLANG_WARN_RANGE_LOOP_ANALYSIS = YES;
				CLANG_WARN_STRICT_PROTOTYPES = YES;
				CLANG_WARN_SUSPICIOUS_MOVE = YES;
				CLANG_WARN_UNGUARDED_AVAILABILITY = YES_AGGRESSIVE;
				CLANG_WARN_UNREACHABLE_CODE = YES;
				CLANG_WARN__DUPLICATE_METHOD_MATCH = YES;
				COPY_PHASE_STRIP = NO;
				DEBUG_INFORMATION_FORMAT = "dwarf-with-dsym";
				ENABLE_NS_ASSERTIONS = NO;
				ENABLE_STRICT_OBJC_MSGSEND = YES;
				GCC_C_LANGUAGE_STANDARD = gnu11;
				GCC_NO_COMMON_BLOCKS = YES;
				GCC_WARN_64_TO_32_BIT_CONVERSION = YES;
				GCC_WARN_ABOUT_RETURN_TYPE = YES_ERROR;
				GCC_WARN_UNDECLARED_SELECTOR = YES;
				GCC_WARN_UNINITIALIZED_AUTOS = YES_AGGRESSIVE;
				GCC_WARN_UNUSED_FUNCTION = YES;
				GCC_WARN_UNUSED_VARIABLE = YES;
				IPHONEOS_DEPLOYMENT_TARGET = 14.0;
				MTL_ENABLE_DEBUG_INFO = NO;
				MTL_FAST_MATH = YES;
				SWIFT_COMPILATION_MODE = wholemodule;
				SWIFT_OPTIMIZATION_LEVEL = "-O";
			};
			name = Release;
		};
		20822290280954370087A621 /* Debug */ = {
			isa = XCBuildConfiguration;
			buildSettings = {
				ASSETCATALOG_COMPILER_APPICON_NAME = AppIcon;
				ASSETCATALOG_COMPILER_GLOBAL_ACCENT_COLOR_NAME = AccentColor;
				CODE_SIGN_STYLE = Automatic;
				CURRENT_PROJECT_VERSION = 1;
				DEVELOPMENT_TEAM = "";
				ENABLE_PREVIEWS = YES;
				GENERATE_INFOPLIST_FILE = YES;
				INFOPLIST_KEY_UIApplicationSceneManifest_Generation = YES;
				INFOPLIST_KEY_UIApplicationSupportsIndirectInputEvents = YES;
				INFOPLIST_KEY_UILaunchScreen_Generation = YES;
				INFOPLIST_KEY_UISupportedInterfaceOrientations = UIInterfaceOrientationPortrait;
				IPHONEOS_DEPLOYMENT_TARGET = 15.4;
				LD_RUNPATH_SEARCH_PATHS = (
					"$(inherited)",
					"@executable_path/Frameworks",
				);
				MARKETING_VERSION = 1.0;
				PRODUCT_BUNDLE_IDENTIFIER = de.lenz.nasa.NasaApod;
				PRODUCT_NAME = NasaApod;
				SDKROOT = iphoneos;
				SWIFT_EMIT_LOC_STRINGS = YES;
				SWIFT_VERSION = 5.0;
				TARGETED_DEVICE_FAMILY = 1;
			};
			name = Debug;
		};
		20822291280954370087A621 /* Release */ = {
			isa = XCBuildConfiguration;
			buildSettings = {
				ASSETCATALOG_COMPILER_APPICON_NAME = AppIcon;
				ASSETCATALOG_COMPILER_GLOBAL_ACCENT_COLOR_NAME = AccentColor;
				CODE_SIGN_STYLE = Automatic;
				CURRENT_PROJECT_VERSION = 1;
				DEVELOPMENT_TEAM = "";
				ENABLE_PREVIEWS = YES;
				GENERATE_INFOPLIST_FILE = YES;
				INFOPLIST_KEY_UIApplicationSceneManifest_Generation = YES;
				INFOPLIST_KEY_UIApplicationSupportsIndirectInputEvents = YES;
				INFOPLIST_KEY_UILaunchScreen_Generation = YES;
				INFOPLIST_KEY_UISupportedInterfaceOrientations = UIInterfaceOrientationPortrait;
				IPHONEOS_DEPLOYMENT_TARGET = 15.4;
				LD_RUNPATH_SEARCH_PATHS = (
					"$(inherited)",
					"@executable_path/Frameworks",
				);
				MARKETING_VERSION = 1.0;
				PRODUCT_BUNDLE_IDENTIFIER = de.lenz.nasa.NasaApod;
				PRODUCT_NAME = NasaApod;
				SDKROOT = iphoneos;
				SWIFT_EMIT_LOC_STRINGS = YES;
				SWIFT_VERSION = 5.0;
				TARGETED_DEVICE_FAMILY = 1;
				VALIDATE_PRODUCT = YES;
			};
			name = Release;
		};
/* End XCBuildConfiguration section */

/* Begin XCConfigurationList section */
		20822256280954350087A621 /* Build configuration list for PBXProject "NasaApod" */ = {
			isa = XCConfigurationList;
			buildConfigurations = (
				2082228D280954370087A621 /* Debug */,
				2082228E280954370087A621 /* Release */,
			);
			defaultConfigurationIsVisible = 0;
			defaultConfigurationName = Release;
		};
		2082228F280954370087A621 /* Build configuration list for PBXNativeTarget "NasaApod" */ = {
			isa = XCConfigurationList;
			buildConfigurations = (
				20822290280954370087A621 /* Debug */,
				20822291280954370087A621 /* Release */,
			);
			defaultConfigurationIsVisible = 0;
			defaultConfigurationName = Release;
		};
/* End XCConfigurationList section */
	};
	rootObject = 20822253280954350087A621 /* Project object */;
}
